
Microsoft Visual Studio Solution File, Format Version 12.00
# Visual Studio 15
VisualStudioVersion = 15.0.27703.2035
MinimumVisualStudioVersion = 10.0.40219.1
Project("{9A19103F-16F7-4668-BE54-9A1E7A4F7556}") = "Srikaran.ThePets.DTO", "Srikaran.ThePets.DTO\Srikaran.ThePets.DTO.csproj", "{1B9F4187-88F6-478F-9582-92C834774FAF}"
EndProject
Project("{9A19103F-16F7-4668-BE54-9A1E7A4F7556}") = "Srikaran.ThePets.Tests", "Srikaran.ThePets.Tests\Srikaran.ThePets.Tests.csproj", "{1681EC88-D4B0-4DCB-A743-21D6B08369D6}"
EndProject
Project("{9A19103F-16F7-4668-BE54-9A1E7A4F7556}") = "Srikaran.ThePets.UI", "Srikaran.ThePets.UI\Srikaran.ThePets.UI.csproj", "{C0ED25A2-0D5C-469C-ABD5-92F37BF69C16}"
EndProject
Global
	GlobalSection(SolutionConfigurationPlatforms) = preSolution
		Debug|Any CPU = Debug|Any CPU
		Release|Any CPU = Release|Any CPU
	EndGlobalSection
	GlobalSection(ProjectConfigurationPlatforms) = postSolution
		{1B9F4187-88F6-478F-9582-92C834774FAF}.Debug|Any CPU.ActiveCfg = Debug|Any CPU
		{1B9F4187-88F6-478F-9582-92C834774FAF}.Debug|Any CPU.Build.0 = Debug|Any CPU
		{1B9F4187-88F6-478F-9582-92C834774FAF}.Release|Any CPU.ActiveCfg = Release|Any CPU
		{1B9F4187-88F6-478F-9582-92C834774FAF}.Release|Any CPU.Build.0 = Release|Any CPU
		{1681EC88-D4B0-4DCB-A743-21D6B08369D6}.Debug|Any CPU.ActiveCfg = Debug|Any CPU
		{1681EC88-D4B0-4DCB-A743-21D6B08369D6}.Debug|Any CPU.Build.0 = Debug|Any CPU
		{1681EC88-D4B0-4DCB-A743-21D6B08369D6}.Release|Any CPU.ActiveCfg = Release|Any CPU
		{1681EC88-D4B0-4DCB-A743-21D6B08369D6}.Release|Any CPU.Build.0 = Release|Any CPU
		{C0ED25A2-0D5C-469C-ABD5-92F37BF69C16}.Debug|Any CPU.ActiveCfg = Debug|Any CPU
		{C0ED25A2-0D5C-469C-ABD5-92F37BF69C16}.Debug|Any CPU.Build.0 = Debug|Any CPU
		{C0ED25A2-0D5C-469C-ABD5-92F37BF69C16}.Release|Any CPU.ActiveCfg = Release|Any CPU
		{C0ED25A2-0D5C-469C-ABD5-92F37BF69C16}.Release|Any CPU.Build.0 = Release|Any CPU
	EndGlobalSection
	GlobalSection(SolutionProperties) = preSolution
		HideSolutionNode = FALSE
	EndGlobalSection
	GlobalSection(ExtensibilityGlobals) = postSolution
		SolutionGuid = {203BC1C2-B7BB-42B6-A6E5-B29D3346F19C}
	EndGlobalSection
EndGlobal
